
Microsoft Visual Studio Solution File, Format Version 12.00
# Visual Studio 15
VisualStudioVersion = 15.0.28010.2048
MinimumVisualStudioVersion = 10.0.40219.1
Project("{FAE04EC0-301F-11D3-BF4B-00C04F79EFBC}") = "FoodFusion.Api", "FoodFusion\FoodFusion.Api.csproj", "{08BA78CE-184C-4396-952B-95DF49AAAAC9}"
EndProject
Global
	GlobalSection(SolutionConfigurationPlatforms) = preSolution
		Debug|Any CPU = Debug|Any CPU
		Release|Any CPU = Release|Any CPU
	EndGlobalSection
	GlobalSection(ProjectConfigurationPlatforms) = postSolution
		{08BA78CE-184C-4396-952B-95DF49AAAAC9}.Debug|Any CPU.ActiveCfg = Debug|Any CPU
		{08BA78CE-184C-4396-952B-95DF49AAAAC9}.Debug|Any CPU.Build.0 = Debug|Any CPU
		{08BA78CE-184C-4396-952B-95DF49AAAAC9}.Release|Any CPU.ActiveCfg = Release|Any CPU
		{08BA78CE-184C-4396-952B-95DF49AAAAC9}.Release|Any CPU.Build.0 = Release|Any CPU
	EndGlobalSection
	GlobalSection(SolutionProperties) = preSolution
		HideSolutionNode = FALSE
	EndGlobalSection
	GlobalSection(ExtensibilityGlobals) = postSolution
		SolutionGuid = {24433C20-2A22-4474-8038-88762F048571}
	EndGlobalSection
EndGlobal
