
Microsoft Visual Studio Solution File, Format Version 12.00
# Visual Studio 15
VisualStudioVersion = 15.0.28010.2048
MinimumVisualStudioVersion = 10.0.40219.1
Project("{9A19103F-16F7-4668-BE54-9A1E7A4F7556}") = "WebApi", "FoodFusion\WebApi.csproj", "{08BA78CE-184C-4396-952B-95DF49AAAAC9}"
EndProject
Project("{9A19103F-16F7-4668-BE54-9A1E7A4F7556}") = "DataAccess", "DataAccess\DataAccess.csproj", "{C04F80A9-5310-47FE-ACB0-636C67668975}"
EndProject
Project("{9A19103F-16F7-4668-BE54-9A1E7A4F7556}") = "Services", "Authentication\Services.csproj", "{E046ED36-99AE-43B7-AFEE-82F74092F55A}"
EndProject
Project("{FAE04EC0-301F-11D3-BF4B-00C04F79EFBC}") = "Common", "Common\Common.csproj", "{380CEB33-23D1-42EB-ACAF-F71BA7C10359}"
EndProject
Global
	GlobalSection(SolutionConfigurationPlatforms) = preSolution
		Debug|Any CPU = Debug|Any CPU
		Release|Any CPU = Release|Any CPU
	EndGlobalSection
	GlobalSection(ProjectConfigurationPlatforms) = postSolution
		{08BA78CE-184C-4396-952B-95DF49AAAAC9}.Debug|Any CPU.ActiveCfg = Debug|Any CPU
		{08BA78CE-184C-4396-952B-95DF49AAAAC9}.Debug|Any CPU.Build.0 = Debug|Any CPU
		{08BA78CE-184C-4396-952B-95DF49AAAAC9}.Release|Any CPU.ActiveCfg = Release|Any CPU
		{08BA78CE-184C-4396-952B-95DF49AAAAC9}.Release|Any CPU.Build.0 = Release|Any CPU
		{C04F80A9-5310-47FE-ACB0-636C67668975}.Debug|Any CPU.ActiveCfg = Debug|Any CPU
		{C04F80A9-5310-47FE-ACB0-636C67668975}.Debug|Any CPU.Build.0 = Debug|Any CPU
		{C04F80A9-5310-47FE-ACB0-636C67668975}.Release|Any CPU.ActiveCfg = Release|Any CPU
		{C04F80A9-5310-47FE-ACB0-636C67668975}.Release|Any CPU.Build.0 = Release|Any CPU
		{E046ED36-99AE-43B7-AFEE-82F74092F55A}.Debug|Any CPU.ActiveCfg = Debug|Any CPU
		{E046ED36-99AE-43B7-AFEE-82F74092F55A}.Debug|Any CPU.Build.0 = Debug|Any CPU
		{E046ED36-99AE-43B7-AFEE-82F74092F55A}.Release|Any CPU.ActiveCfg = Release|Any CPU
		{E046ED36-99AE-43B7-AFEE-82F74092F55A}.Release|Any CPU.Build.0 = Release|Any CPU
		{380CEB33-23D1-42EB-ACAF-F71BA7C10359}.Debug|Any CPU.ActiveCfg = Debug|Any CPU
		{380CEB33-23D1-42EB-ACAF-F71BA7C10359}.Debug|Any CPU.Build.0 = Debug|Any CPU
		{380CEB33-23D1-42EB-ACAF-F71BA7C10359}.Release|Any CPU.ActiveCfg = Release|Any CPU
		{380CEB33-23D1-42EB-ACAF-F71BA7C10359}.Release|Any CPU.Build.0 = Release|Any CPU
	EndGlobalSection
	GlobalSection(SolutionProperties) = preSolution
		HideSolutionNode = FALSE
	EndGlobalSection
	GlobalSection(ExtensibilityGlobals) = postSolution
		SolutionGuid = {24433C20-2A22-4474-8038-88762F048571}
	EndGlobalSection
EndGlobal
